<?xml version="1.0" encoding="utf-8"?>
<Project ToolsVersion="17.0" xmlns="http://schemas.microsoft.com/developer/msbuild/2003">
  <ItemGroup>
    <ClCompile Include="C:\Users\asurk\Documents\SandboxDirectX12\vs_2022\CMakeFiles\SandboxDirectX12.dir\cmake_pch.cxx">
      <Filter>Source Files</Filter>
    </ClCompile>
    <ClCompile Include="C:\Users\asurk\Documents\SandboxDirectX12\main.cpp">
      <Filter>Source Files</Filter>
    </ClCompile>
    <ClCompile Include="C:\Users\asurk\Documents\SandboxDirectX12\Application.cpp">
      <Filter>Source Files</Filter>
    </ClCompile>
    <ClCompile Include="C:\Users\asurk\Documents\SandboxDirectX12\Game.cpp">
      <Filter>Source Files</Filter>
    </ClCompile>
    <ClCompile Include="C:\Users\asurk\Documents\SandboxDirectX12\MyDXLib\Camera.cpp">
      <Filter>Source Files</Filter>
    </ClCompile>
    <ClCompile Include="C:\Users\asurk\Documents\SandboxDirectX12\MyDXLib\CommandQueue.cpp">
      <Filter>Source Files</Filter>
    </ClCompile>
    <ClCompile Include="C:\Users\asurk\Documents\SandboxDirectX12\MyDXLib\MainWindow.cpp">
      <Filter>Source Files</Filter>
    </ClCompile>
    <ClCompile Include="C:\Users\asurk\Documents\SandboxDirectX12\MyDXLib\Scene.cpp">
      <Filter>Source Files</Filter>
    </ClCompile>
    <ClCompile Include="C:\Users\asurk\Documents\SandboxDirectX12\MyDXLib\SceneData.cpp">
      <Filter>Source Files</Filter>
    </ClCompile>
    <ClCompile Include="C:\Users\asurk\Documents\SandboxDirectX12\MyDXLib\ShaderCompiler.cpp">
      <Filter>Source Files</Filter>
    </ClCompile>
    <ClCompile Include="C:\Users\asurk\Documents\SandboxDirectX12\MyDXLib\Utils.cpp">
      <Filter>Source Files</Filter>
    </ClCompile>
  </ItemGroup>
  <ItemGroup>
    <ClInclude Include="C:\Users\asurk\Documents\SandboxDirectX12\pch.hpp">
      <Filter>Header Files</Filter>
    </ClInclude>
    <ClInclude Include="C:\Users\asurk\Documents\SandboxDirectX12\Application.hpp">
      <Filter>Header Files</Filter>
    </ClInclude>
    <ClInclude Include="C:\Users\asurk\Documents\SandboxDirectX12\Game.hpp">
      <Filter>Header Files</Filter>
    </ClInclude>
    <ClInclude Include="C:\Users\asurk\Documents\SandboxDirectX12\MyDXLib\Camera.hpp">
      <Filter>Header Files</Filter>
    </ClInclude>
    <ClInclude Include="C:\Users\asurk\Documents\SandboxDirectX12\MyDXLib\CommandQueue.hpp">
      <Filter>Header Files</Filter>
    </ClInclude>
    <ClInclude Include="C:\Users\asurk\Documents\SandboxDirectX12\MyDXLib\MainWindow.hpp">
      <Filter>Header Files</Filter>
    </ClInclude>
    <ClInclude Include="C:\Users\asurk\Documents\SandboxDirectX12\MyDXLib\Scene.hpp">
      <Filter>Header Files</Filter>
    </ClInclude>
    <ClInclude Include="C:\Users\asurk\Documents\SandboxDirectX12\MyDXLib\SceneData.hpp">
      <Filter>Header Files</Filter>
    </ClInclude>
    <ClInclude Include="C:\Users\asurk\Documents\SandboxDirectX12\MyDXLib\ShaderCompiler.hpp">
      <Filter>Header Files</Filter>
    </ClInclude>
    <ClInclude Include="C:\Users\asurk\Documents\SandboxDirectX12\MyDXLib\Utils.hpp">
      <Filter>Header Files</Filter>
    </ClInclude>
    <ClInclude Include="C:\Users\asurk\Documents\SandboxDirectX12\vs_2022\CMakeFiles\SandboxDirectX12.dir\Debug\cmake_pch.hxx">
      <Filter>Precompile Header File</Filter>
    </ClInclude>
    <ClInclude Include="C:\Users\asurk\Documents\SandboxDirectX12\vs_2022\CMakeFiles\SandboxDirectX12.dir\Release\cmake_pch.hxx">
      <Filter>Precompile Header File</Filter>
    </ClInclude>
    <ClInclude Include="C:\Users\asurk\Documents\SandboxDirectX12\vs_2022\CMakeFiles\SandboxDirectX12.dir\MinSizeRel\cmake_pch.hxx">
      <Filter>Precompile Header File</Filter>
    </ClInclude>
    <ClInclude Include="C:\Users\asurk\Documents\SandboxDirectX12\vs_2022\CMakeFiles\SandboxDirectX12.dir\RelWithDebInfo\cmake_pch.hxx">
      <Filter>Precompile Header File</Filter>
    </ClInclude>
  </ItemGroup>
  <ItemGroup>
    <CustomBuild Include="C:\Users\asurk\Documents\SandboxDirectX12\CMakeLists.txt" />
  </ItemGroup>
  <ItemGroup>
    <Filter Include="Header Files">
      <UniqueIdentifier>{783A7FA3-217E-31C7-8D5E-83BF960DBCA5}</UniqueIdentifier>
    </Filter>
    <Filter Include="Precompile Header File">
      <UniqueIdentifier>{4DC68C5C-933D-31F6-B698-F0809A579DDF}</UniqueIdentifier>
    </Filter>
    <Filter Include="Source Files">
      <UniqueIdentifier>{5371044B-539A-3AFA-B243-DBF7561EF9EC}</UniqueIdentifier>
    </Filter>
  </ItemGroup>
</Project>
