<?xml version="1.0" encoding="utf-8"?>
<Project ToolsVersion="17.0" xmlns="http://schemas.microsoft.com/developer/msbuild/2003">
  <ItemGroup>
    <CustomBuild Include="C:\Users\asurk\Documents\SandboxDirectX12\CMakeLists.txt" />
  </ItemGroup>
  <ItemGroup>
    <FXCompile Include="C:\Users\asurk\Documents\SandboxDirectX12\VertexCube.hlsl" />
    <FXCompile Include="C:\Users\asurk\Documents\SandboxDirectX12\VertexSponza.hlsl" />
    <FXCompile Include="C:\Users\asurk\Documents\SandboxDirectX12\VertexFilter.hlsl" />
    <FXCompile Include="C:\Users\asurk\Documents\SandboxDirectX12\PixelCube.hlsl" />
    <FXCompile Include="C:\Users\asurk\Documents\SandboxDirectX12\PixelSponza.hlsl" />
    <FXCompile Include="C:\Users\asurk\Documents\SandboxDirectX12\PixelFilter.hlsl" />
  </ItemGroup>
  <ItemGroup>
    <None Include="C:\Users\asurk\Documents\SandboxDirectX12\RootSignatureCube.inc" />
    <None Include="C:\Users\asurk\Documents\SandboxDirectX12\RootSignatureSponza.inc" />
    <None Include="C:\Users\asurk\Documents\SandboxDirectX12\RootSignatureFilter.inc" />
  </ItemGroup>
  <ItemGroup>
  </ItemGroup>
</Project>
